
Microsoft Visual Studio Solution File, Format Version 12.00
# Visual Studio Version 16
VisualStudioVersion = 16.0.33214.272
MinimumVisualStudioVersion = 10.0.40219.1
Project("{FAE04EC0-301F-11D3-BF4B-00C04F79EFBC}") = "stringManpukation", "stringManpukation\stringManpukation.csproj", "{74F518DD-D976-410F-AC61-68C9FCD21E95}"
EndProject
Project("{FAE04EC0-301F-11D3-BF4B-00C04F79EFBC}") = "BusinessLibary", "BusinessLibary\BusinessLibary.csproj", "{F7D1A43D-C5BE-4E1C-80B6-CBC7DE4FCAAA}"
EndProject
Project("{FAE04EC0-301F-11D3-BF4B-00C04F79EFBC}") = "DataLibary", "DataLibary\DataLibary.csproj", "{00AD587C-6FA9-4345-A57F-899D293A7B69}"
EndProject
Global
	GlobalSection(SolutionConfigurationPlatforms) = preSolution
		Debug|Any CPU = Debug|Any CPU
		Release|Any CPU = Release|Any CPU
	EndGlobalSection
	GlobalSection(ProjectConfigurationPlatforms) = postSolution
		{74F518DD-D976-410F-AC61-68C9FCD21E95}.Debug|Any CPU.ActiveCfg = Debug|Any CPU
		{74F518DD-D976-410F-AC61-68C9FCD21E95}.Debug|Any CPU.Build.0 = Debug|Any CPU
		{74F518DD-D976-410F-AC61-68C9FCD21E95}.Release|Any CPU.ActiveCfg = Release|Any CPU
		{74F518DD-D976-410F-AC61-68C9FCD21E95}.Release|Any CPU.Build.0 = Release|Any CPU
		{F7D1A43D-C5BE-4E1C-80B6-CBC7DE4FCAAA}.Debug|Any CPU.ActiveCfg = Debug|Any CPU
		{F7D1A43D-C5BE-4E1C-80B6-CBC7DE4FCAAA}.Debug|Any CPU.Build.0 = Debug|Any CPU
		{F7D1A43D-C5BE-4E1C-80B6-CBC7DE4FCAAA}.Release|Any CPU.ActiveCfg = Release|Any CPU
		{F7D1A43D-C5BE-4E1C-80B6-CBC7DE4FCAAA}.Release|Any CPU.Build.0 = Release|Any CPU
		{00AD587C-6FA9-4345-A57F-899D293A7B69}.Debug|Any CPU.ActiveCfg = Debug|Any CPU
		{00AD587C-6FA9-4345-A57F-899D293A7B69}.Debug|Any CPU.Build.0 = Debug|Any CPU
		{00AD587C-6FA9-4345-A57F-899D293A7B69}.Release|Any CPU.ActiveCfg = Release|Any CPU
		{00AD587C-6FA9-4345-A57F-899D293A7B69}.Release|Any CPU.Build.0 = Release|Any CPU
	EndGlobalSection
	GlobalSection(SolutionProperties) = preSolution
		HideSolutionNode = FALSE
	EndGlobalSection
	GlobalSection(ExtensibilityGlobals) = postSolution
		SolutionGuid = {3E91EDF3-653B-469F-94EA-40338DEE87FB}
	EndGlobalSection
EndGlobal
